
Microsoft Visual Studio Solution File, Format Version 12.00
# Visual Studio Version 17
VisualStudioVersion = 17.13.35931.197
MinimumVisualStudioVersion = 10.0.40219.1
Project("{FAE04EC0-301F-11D3-BF4B-00C04F79EFBC}") = "IkılıAramaOdevı", "IkılıAramaOdevı\IkılıAramaOdevı.csproj", "{DC276716-90C8-4F7C-93E8-C92C456C5B70}"
EndProject
Project("{FAE04EC0-301F-11D3-BF4B-00C04F79EFBC}") = "MatrixCarpımıOdevı", "MatrixCarpımıOdevı\MatrixCarpımıOdevı.csproj", "{71C34A06-6306-46AD-90BB-1808E04867FA}"
EndProject
Project("{FAE04EC0-301F-11D3-BF4B-00C04F79EFBC}") = "SayilarinToplamiOdevi", "SayilarinToplamiOdevi\SayilarinToplamiOdevi.csproj", "{6278BADF-99C3-461D-A7F1-F3DE1A8EF697}"
EndProject
Project("{FAE04EC0-301F-11D3-BF4B-00C04F79EFBC}") = "LinkedListOdevi_2", "LinkedListOdevi_2\LinkedListOdevi_2.csproj", "{48DE63AB-319E-4DDB-A8D6-67EC2B806167}"
EndProject
Project("{FAE04EC0-301F-11D3-BF4B-00C04F79EFBC}") = "LinkedList2_Odevi", "LinkedList2_Odevi\LinkedList2_Odevi.csproj", "{85C71A11-5108-4BAC-B5D7-5A11B571CDC9}"
EndProject
Project("{FAE04EC0-301F-11D3-BF4B-00C04F79EFBC}") = "IkiYonluLinkedListYapisi", "IkiYonluLinkedListYapisi\IkiYonluLinkedListYapisi.csproj", "{1FFA438E-72EA-4894-AB72-491BC32B7D5A}"
EndProject
Global
	GlobalSection(SolutionConfigurationPlatforms) = preSolution
		Debug|Any CPU = Debug|Any CPU
		Release|Any CPU = Release|Any CPU
	EndGlobalSection
	GlobalSection(ProjectConfigurationPlatforms) = postSolution
		{DC276716-90C8-4F7C-93E8-C92C456C5B70}.Debug|Any CPU.ActiveCfg = Debug|Any CPU
		{DC276716-90C8-4F7C-93E8-C92C456C5B70}.Debug|Any CPU.Build.0 = Debug|Any CPU
		{DC276716-90C8-4F7C-93E8-C92C456C5B70}.Release|Any CPU.ActiveCfg = Release|Any CPU
		{DC276716-90C8-4F7C-93E8-C92C456C5B70}.Release|Any CPU.Build.0 = Release|Any CPU
		{71C34A06-6306-46AD-90BB-1808E04867FA}.Debug|Any CPU.ActiveCfg = Debug|Any CPU
		{71C34A06-6306-46AD-90BB-1808E04867FA}.Debug|Any CPU.Build.0 = Debug|Any CPU
		{71C34A06-6306-46AD-90BB-1808E04867FA}.Release|Any CPU.ActiveCfg = Release|Any CPU
		{71C34A06-6306-46AD-90BB-1808E04867FA}.Release|Any CPU.Build.0 = Release|Any CPU
		{6278BADF-99C3-461D-A7F1-F3DE1A8EF697}.Debug|Any CPU.ActiveCfg = Debug|Any CPU
		{6278BADF-99C3-461D-A7F1-F3DE1A8EF697}.Debug|Any CPU.Build.0 = Debug|Any CPU
		{6278BADF-99C3-461D-A7F1-F3DE1A8EF697}.Release|Any CPU.ActiveCfg = Release|Any CPU
		{6278BADF-99C3-461D-A7F1-F3DE1A8EF697}.Release|Any CPU.Build.0 = Release|Any CPU
		{48DE63AB-319E-4DDB-A8D6-67EC2B806167}.Debug|Any CPU.ActiveCfg = Debug|Any CPU
		{48DE63AB-319E-4DDB-A8D6-67EC2B806167}.Debug|Any CPU.Build.0 = Debug|Any CPU
		{48DE63AB-319E-4DDB-A8D6-67EC2B806167}.Release|Any CPU.ActiveCfg = Release|Any CPU
		{48DE63AB-319E-4DDB-A8D6-67EC2B806167}.Release|Any CPU.Build.0 = Release|Any CPU
		{85C71A11-5108-4BAC-B5D7-5A11B571CDC9}.Debug|Any CPU.ActiveCfg = Debug|Any CPU
		{85C71A11-5108-4BAC-B5D7-5A11B571CDC9}.Debug|Any CPU.Build.0 = Debug|Any CPU
		{85C71A11-5108-4BAC-B5D7-5A11B571CDC9}.Release|Any CPU.ActiveCfg = Release|Any CPU
		{85C71A11-5108-4BAC-B5D7-5A11B571CDC9}.Release|Any CPU.Build.0 = Release|Any CPU
		{1FFA438E-72EA-4894-AB72-491BC32B7D5A}.Debug|Any CPU.ActiveCfg = Debug|Any CPU
		{1FFA438E-72EA-4894-AB72-491BC32B7D5A}.Debug|Any CPU.Build.0 = Debug|Any CPU
		{1FFA438E-72EA-4894-AB72-491BC32B7D5A}.Release|Any CPU.ActiveCfg = Release|Any CPU
		{1FFA438E-72EA-4894-AB72-491BC32B7D5A}.Release|Any CPU.Build.0 = Release|Any CPU
	EndGlobalSection
	GlobalSection(SolutionProperties) = preSolution
		HideSolutionNode = FALSE
	EndGlobalSection
	GlobalSection(ExtensibilityGlobals) = postSolution
		SolutionGuid = {03A4C90A-0FAA-49FF-8CD1-727E0E2AF2CE}
	EndGlobalSection
EndGlobal
